<Solution>
  <Project Path="Pnle.Api\Pnle.Api.csproj" />
  <Project Path="Pnle.Application\Pnle.Application.csproj" />
  <Project Path="Pnle.Domain\Pnle.Domain.csproj" />
  <Project Path="Pnle.Infrastructure\Pnle.Infrastructure.csproj" />
  <Project Path="Pnle.Tests\Pnle.Tests.csproj" />
</Solution>
